
Microsoft Visual Studio Solution File, Format Version 12.00
# Visual Studio Version 16
VisualStudioVersion = 16.0.30611.23
MinimumVisualStudioVersion = 10.0.40219.1
Project("{FAE04EC0-301F-11D3-BF4B-00C04F79EFBC}") = "WF17MSWORD.OLBAndRichTextBox", "WF17MSWORD.OLBAndRichTextBox\WF17MSWORD.OLBAndRichTextBox.csproj", "{6EF903A2-A872-4B03-9847-ADECD20C0D40}"
EndProject
Project("{FAE04EC0-301F-11D3-BF4B-00C04F79EFBC}") = "WPF17MSWORD.OLBAndRichTextBox", "WPF17MSWORD.OLBAndRichTextBox\WPF17MSWORD.OLBAndRichTextBox.csproj", "{B549B94E-A23D-4C0A-892A-443A96EB0D6B}"
EndProject
Global
	GlobalSection(SolutionConfigurationPlatforms) = preSolution
		Debug|Any CPU = Debug|Any CPU
		Release|Any CPU = Release|Any CPU
	EndGlobalSection
	GlobalSection(ProjectConfigurationPlatforms) = postSolution
		{6EF903A2-A872-4B03-9847-ADECD20C0D40}.Debug|Any CPU.ActiveCfg = Debug|Any CPU
		{6EF903A2-A872-4B03-9847-ADECD20C0D40}.Debug|Any CPU.Build.0 = Debug|Any CPU
		{6EF903A2-A872-4B03-9847-ADECD20C0D40}.Release|Any CPU.ActiveCfg = Release|Any CPU
		{6EF903A2-A872-4B03-9847-ADECD20C0D40}.Release|Any CPU.Build.0 = Release|Any CPU
		{B549B94E-A23D-4C0A-892A-443A96EB0D6B}.Debug|Any CPU.ActiveCfg = Debug|Any CPU
		{B549B94E-A23D-4C0A-892A-443A96EB0D6B}.Debug|Any CPU.Build.0 = Debug|Any CPU
		{B549B94E-A23D-4C0A-892A-443A96EB0D6B}.Release|Any CPU.ActiveCfg = Release|Any CPU
		{B549B94E-A23D-4C0A-892A-443A96EB0D6B}.Release|Any CPU.Build.0 = Release|Any CPU
	EndGlobalSection
	GlobalSection(SolutionProperties) = preSolution
		HideSolutionNode = FALSE
	EndGlobalSection
	GlobalSection(ExtensibilityGlobals) = postSolution
		SolutionGuid = {691BC003-70BD-4D90-921D-7E44FCACAAE9}
	EndGlobalSection
EndGlobal
